{
  "pins" : [
    {
      "identity" : "cgeventsupervisor",
      "kind" : "remoteSourceControl",
      "location" : "https://github.com/stephancasas/CGEventSupervisor",
      "state" : {
        "branch" : "main",
        "revision" : "d20d7aa8e008a1cc8dd2e26b027118a0fcfc2f96"
      }
    }
  ],
  "version" : 2
}
